{
  "name": "fetchd_reconciliation_migration_test_harness",
  "version": "0.0.1",
  "lockfileVersion": 1,
  "requires": true,
  "dependencies": {
    "bats": {
      "version": "1.5.0",
      "resolved": "https://registry.npmjs.org/bats/-/bats-1.5.0.tgz",
      "integrity": "sha512-83YgQw24Yi2c1ctB0Vd7WCsACUMSWuEtOboxQZyFQYfiv9hDMW7nk7bdloqGLg3vK5pOODCBGBQjhvRmHKsJuA==",
      "dev": true
    },
    "bats-assert": {
      "version": "2.0.0",
      "resolved": "https://registry.npmjs.org/bats-assert/-/bats-assert-2.0.0.tgz",
      "integrity": "sha512-qO3kNilWxW8iCONu9NDUfvsCiC6JzL6DPOc/DGq9z3bZ9/A7wURJ+FnFMxGbofOmWbCoy7pVhofn0o47A95qkQ==",
      "dev": true
    },
    "bats-support": {
      "version": "0.3.0",
      "resolved": "https://registry.npmjs.org/bats-support/-/bats-support-0.3.0.tgz",
      "integrity": "sha512-z+2WzXbI4OZgLnynydqH8GpI3+DcOtepO66PlK47SfEzTkiuV9hxn9eIQX+uLVFbt2Oqoc7Ky3TJ/N83lqD+cg==",
      "dev": true
    }
  }
}
