{
    "_meta": {
        "hash": {
            "sha256": "f3e4531a1496b3c28c02a4b3db052f738738748f7868824a75d2c35a43728860"
        },
        "pipfile-spec": 6,
        "requires": {
            "python_version": "3.10"
        },
        "sources": [
            {
                "name": "pypi",
                "url": "https://pypi.org/simple",
                "verify_ssl": true
            }
        ]
    },
    "default": {
        "attrs": {
            "hashes": [
                "sha256:935dc3b529c262f6cf76e50877d35a4bd3c1de194fd41f47a2b7ae8f19971f30",
                "sha256:99b87a485a5820b23b879f04c2305b44b951b502fd64be915879d77a7e8fc6f1"
            ],
            "markers": "python_version >= '3.7'",
            "version": "==23.2.0"
        },
        "bech32": {
            "hashes": [
                "sha256:7d6db8214603bd7871fcfa6c0826ef68b85b0abd90fa21c285a9c5e21d2bd899",
                "sha256:990dc8e5a5e4feabbdf55207b5315fdd9b73db40be294a19b3752cde9e79d981"
            ],
            "index": "pypi",
            "markers": "python_version >= '3.5'",
            "version": "==1.2.0"
        },
        "certifi": {
            "hashes": [
                "sha256:0569859f95fc761b18b45ef421b1290a0f65f147e92a1e5eb3e635f9a5e4e66f",
                "sha256:dc383c07b76109f368f6106eee2b593b04a011ea4d55f652c6ca24a754d1cdd1"
            ],
            "markers": "python_version >= '3.6'",
            "version": "==2024.2.2"
        },
        "charset-normalizer": {
            "hashes": [
                "sha256:06435b539f889b1f6f4ac1758871aae42dc3a8c0e24ac9e60c2384973ad73027",
                "sha256:06a81e93cd441c56a9b65d8e1d043daeb97a3d0856d177d5c90ba85acb3db087",
                "sha256:0a55554a2fa0d408816b3b5cedf0045f4b8e1a6065aec45849de2d6f3f8e9786",
                "sha256:0b2b64d2bb6d3fb9112bafa732def486049e63de9618b5843bcdd081d8144cd8",
                "sha256:10955842570876604d404661fbccbc9c7e684caf432c09c715ec38fbae45ae09",
                "sha256:122c7fa62b130ed55f8f285bfd56d5f4b4a5b503609d181f9ad85e55c89f4185",
                "sha256:1ceae2f17a9c33cb48e3263960dc5fc8005351ee19db217e9b1bb15d28c02574",
                "sha256:1d3193f4a680c64b4b6a9115943538edb896edc190f0b222e73761716519268e",
                "sha256:1f79682fbe303db92bc2b1136016a38a42e835d932bab5b3b1bfcfbf0640e519",
                "sha256:2127566c664442652f024c837091890cb1942c30937add288223dc895793f898",
                "sha256:22afcb9f253dac0696b5a4be4a1c0f8762f8239e21b99680099abd9b2b1b2269",
                "sha256:25baf083bf6f6b341f4121c2f3c548875ee6f5339300e08be3f2b2ba1721cdd3",
                "sha256:2e81c7b9c8979ce92ed306c249d46894776a909505d8f5a4ba55b14206e3222f",
                "sha256:3287761bc4ee9e33561a7e058c72ac0938c4f57fe49a09eae428fd88aafe7bb6",
                "sha256:34d1c8da1e78d2e001f363791c98a272bb734000fcef47a491c1e3b0505657a8",
                "sha256:37e55c8e51c236f95b033f6fb391d7d7970ba5fe7ff453dad675e88cf303377a",
                "sha256:3d47fa203a7bd9c5b6cee4736ee84ca03b8ef23193c0d1ca99b5089f72645c73",
                "sha256:3e4d1f6587322d2788836a99c69062fbb091331ec940e02d12d179c1d53e25fc",
                "sha256:42cb296636fcc8b0644486d15c12376cb9fa75443e00fb25de0b8602e64c1714",
                "sha256:45485e01ff4d3630ec0d9617310448a8702f70e9c01906b0d0118bdf9d124cf2",
                "sha256:4a78b2b446bd7c934f5dcedc588903fb2f5eec172f3d29e52a9096a43722adfc",
                "sha256:4ab2fe47fae9e0f9dee8c04187ce5d09f48eabe611be8259444906793ab7cbce",
                "sha256:4d0d1650369165a14e14e1e47b372cfcb31d6ab44e6e33cb2d4e57265290044d",
                "sha256:549a3a73da901d5bc3ce8d24e0600d1fa85524c10287f6004fbab87672bf3e1e",
                "sha256:55086ee1064215781fff39a1af09518bc9255b50d6333f2e4c74ca09fac6a8f6",
                "sha256:572c3763a264ba47b3cf708a44ce965d98555f618ca42c926a9c1616d8f34269",
                "sha256:573f6eac48f4769d667c4442081b1794f52919e7edada77495aaed9236d13a96",
                "sha256:5b4c145409bef602a690e7cfad0a15a55c13320ff7a3ad7ca59c13bb8ba4d45d",
                "sha256:6463effa3186ea09411d50efc7d85360b38d5f09b870c48e4600f63af490e56a",
                "sha256:65f6f63034100ead094b8744b3b97965785388f308a64cf8d7c34f2f2e5be0c4",
                "sha256:663946639d296df6a2bb2aa51b60a2454ca1cb29835324c640dafb5ff2131a77",
                "sha256:6897af51655e3691ff853668779c7bad41579facacf5fd7253b0133308cf000d",
                "sha256:68d1f8a9e9e37c1223b656399be5d6b448dea850bed7d0f87a8311f1ff3dabb0",
                "sha256:6ac7ffc7ad6d040517be39eb591cac5ff87416c2537df6ba3cba3bae290c0fed",
                "sha256:6b3251890fff30ee142c44144871185dbe13b11bab478a88887a639655be1068",
                "sha256:6c4caeef8fa63d06bd437cd4bdcf3ffefe6738fb1b25951440d80dc7df8c03ac",
                "sha256:6ef1d82a3af9d3eecdba2321dc1b3c238245d890843e040e41e470ffa64c3e25",
                "sha256:753f10e867343b4511128c6ed8c82f7bec3bd026875576dfd88483c5c73b2fd8",
                "sha256:7cd13a2e3ddeed6913a65e66e94b51d80a041145a026c27e6bb76c31a853c6ab",
                "sha256:7ed9e526742851e8d5cc9e6cf41427dfc6068d4f5a3bb03659444b4cabf6bc26",
                "sha256:7f04c839ed0b6b98b1a7501a002144b76c18fb1c1850c8b98d458ac269e26ed2",
                "sha256:802fe99cca7457642125a8a88a084cef28ff0cf9407060f7b93dca5aa25480db",
                "sha256:80402cd6ee291dcb72644d6eac93785fe2c8b9cb30893c1af5b8fdd753b9d40f",
                "sha256:8465322196c8b4d7ab6d1e049e4c5cb460d0394da4a27d23cc242fbf0034b6b5",
                "sha256:86216b5cee4b06df986d214f664305142d9c76df9b6512be2738aa72a2048f99",
                "sha256:87d1351268731db79e0f8e745d92493ee2841c974128ef629dc518b937d9194c",
                "sha256:8bdb58ff7ba23002a4c5808d608e4e6c687175724f54a5dade5fa8c67b604e4d",
                "sha256:8c622a5fe39a48f78944a87d4fb8a53ee07344641b0562c540d840748571b811",
                "sha256:8d756e44e94489e49571086ef83b2bb8ce311e730092d2c34ca8f7d925cb20aa",
                "sha256:8f4a014bc36d3c57402e2977dada34f9c12300af536839dc38c0beab8878f38a",
                "sha256:9063e24fdb1e498ab71cb7419e24622516c4a04476b17a2dab57e8baa30d6e03",
                "sha256:90d558489962fd4918143277a773316e56c72da56ec7aa3dc3dbbe20fdfed15b",
                "sha256:923c0c831b7cfcb071580d3f46c4baf50f174be571576556269530f4bbd79d04",
                "sha256:95f2a5796329323b8f0512e09dbb7a1860c46a39da62ecb2324f116fa8fdc85c",
                "sha256:96b02a3dc4381e5494fad39be677abcb5e6634bf7b4fa83a6dd3112607547001",
                "sha256:9f96df6923e21816da7e0ad3fd47dd8f94b2a5ce594e00677c0013018b813458",
                "sha256:a10af20b82360ab00827f916a6058451b723b4e65030c5a18577c8b2de5b3389",
                "sha256:a50aebfa173e157099939b17f18600f72f84eed3049e743b68ad15bd69b6bf99",
                "sha256:a981a536974bbc7a512cf44ed14938cf01030a99e9b3a06dd59578882f06f985",
                "sha256:a9a8e9031d613fd2009c182b69c7b2c1ef8239a0efb1df3f7c8da66d5dd3d537",
                "sha256:ae5f4161f18c61806f411a13b0310bea87f987c7d2ecdbdaad0e94eb2e404238",
                "sha256:aed38f6e4fb3f5d6bf81bfa990a07806be9d83cf7bacef998ab1a9bd660a581f",
                "sha256:b01b88d45a6fcb69667cd6d2f7a9aeb4bf53760d7fc536bf679ec94fe9f3ff3d",
                "sha256:b261ccdec7821281dade748d088bb6e9b69e6d15b30652b74cbbac25e280b796",
                "sha256:b2b0a0c0517616b6869869f8c581d4eb2dd83a4d79e0ebcb7d373ef9956aeb0a",
                "sha256:b4a23f61ce87adf89be746c8a8974fe1c823c891d8f86eb218bb957c924bb143",
                "sha256:bd8f7df7d12c2db9fab40bdd87a7c09b1530128315d047a086fa3ae3435cb3a8",
                "sha256:beb58fe5cdb101e3a055192ac291b7a21e3b7ef4f67fa1d74e331a7f2124341c",
                "sha256:c002b4ffc0be611f0d9da932eb0f704fe2602a9a949d1f738e4c34c75b0863d5",
                "sha256:c083af607d2515612056a31f0a8d9e0fcb5876b7bfc0abad3ecd275bc4ebc2d5",
                "sha256:c180f51afb394e165eafe4ac2936a14bee3eb10debc9d9e4db8958fe36afe711",
                "sha256:c235ebd9baae02f1b77bcea61bce332cb4331dc3617d254df3323aa01ab47bd4",
                "sha256:cd70574b12bb8a4d2aaa0094515df2463cb429d8536cfb6c7ce983246983e5a6",
                "sha256:d0eccceffcb53201b5bfebb52600a5fb483a20b61da9dbc885f8b103cbe7598c",
                "sha256:d965bba47ddeec8cd560687584e88cf699fd28f192ceb452d1d7ee807c5597b7",
                "sha256:db364eca23f876da6f9e16c9da0df51aa4f104a972735574842618b8c6d999d4",
                "sha256:ddbb2551d7e0102e7252db79ba445cdab71b26640817ab1e3e3648dad515003b",
                "sha256:deb6be0ac38ece9ba87dea880e438f25ca3eddfac8b002a2ec3d9183a454e8ae",
                "sha256:e06ed3eb3218bc64786f7db41917d4e686cc4856944f53d5bdf83a6884432e12",
                "sha256:e27ad930a842b4c5eb8ac0016b0a54f5aebbe679340c26101df33424142c143c",
                "sha256:e537484df0d8f426ce2afb2d0f8e1c3d0b114b83f8850e5f2fbea0e797bd82ae",
                "sha256:eb00ed941194665c332bf8e078baf037d6c35d7c4f3102ea2d4f16ca94a26dc8",
                "sha256:eb6904c354526e758fda7167b33005998fb68c46fbc10e013ca97f21ca5c8887",
                "sha256:eb8821e09e916165e160797a6c17edda0679379a4be5c716c260e836e122f54b",
                "sha256:efcb3f6676480691518c177e3b465bcddf57cea040302f9f4e6e191af91174d4",
                "sha256:f27273b60488abe721a075bcca6d7f3964f9f6f067c8c4c605743023d7d3944f",
                "sha256:f30c3cb33b24454a82faecaf01b19c18562b1e89558fb6c56de4d9118a032fd5",
                "sha256:fb69256e180cb6c8a894fee62b3afebae785babc1ee98b81cdf68bbca1987f33",
                "sha256:fd1abc0d89e30cc4e02e4064dc67fcc51bd941eb395c502aac3ec19fab46b519",
                "sha256:ff8fa367d09b717b2a17a052544193ad76cd49979c805768879cb63d9ca50561"
            ],
            "markers": "python_full_version >= '3.7.0'",
            "version": "==3.3.2"
        },
        "cosmpy": {
            "hashes": [
                "sha256:0f0eb80152f28ef5ee4d846d581d2e34ba2d952900f0e3570cacb84bb376f664",
                "sha256:3591311198b08a0aa75340851ca166669974f17ffaa207a8d2cb26504fb0fa19"
            ],
            "index": "pypi",
            "markers": "python_version >= '3.8' and python_version < '4.0'",
            "version": "==0.9.2"
        },
        "ecdsa": {
            "hashes": [
                "sha256:2cea9b88407fdac7bbeca0833b189e4c9c53f2ef1e1eaa29f6224dbc809b707a",
                "sha256:60eaad1199659900dd0af521ed462b793bbdf867432b3948e87416ae4caf6bf8"
            ],
            "markers": "python_version >= '2.6' and python_version not in '3.0, 3.1, 3.2, 3.3, 3.4'",
            "version": "==0.19.0"
        },
        "googleapis-common-protos": {
            "hashes": [
                "sha256:17ad01b11d5f1d0171c06d3ba5c04c54474e883b66b949722b4938ee2694ef4e",
                "sha256:ae45f75702f7c08b541f750854a678bd8f534a1a6bace6afe975f1d0a82d6632"
            ],
            "markers": "python_version >= '3.7'",
            "version": "==1.63.0"
        },
        "grpcio": {
            "hashes": [
                "sha256:01615bbcae6875eee8091e6b9414072f4e4b00d8b7e141f89635bdae7cf784e5",
                "sha256:02cc9cc3f816d30f7993d0d408043b4a7d6a02346d251694d8ab1f78cc723e7e",
                "sha256:0b2dfe6dcace264807d9123d483d4c43274e3f8c39f90ff51de538245d7a4145",
                "sha256:0da1d921f8e4bcee307aeef6c7095eb26e617c471f8cb1c454fd389c5c296d1e",
                "sha256:0f30596cdcbed3c98024fb4f1d91745146385b3f9fd10c9f2270cbfe2ed7ed91",
                "sha256:1ce4cd5a61d4532651079e7aae0fedf9a80e613eed895d5b9743e66b52d15812",
                "sha256:1f279ad72dd7d64412e10f2443f9f34872a938c67387863c4cd2fb837f53e7d2",
                "sha256:1f5de082d936e0208ce8db9095821361dfa97af8767a6607ae71425ac8ace15c",
                "sha256:1f8ea18b928e539046bb5f9c124d717fbf00cc4b2d960ae0b8468562846f5aa1",
                "sha256:2186d76a7e383e1466e0ea2b0febc343ffeae13928c63c6ec6826533c2d69590",
                "sha256:23b6887bb21d77649d022fa1859e05853fdc2e60682fd86c3db652a555a282e0",
                "sha256:257baf07f53a571c215eebe9679c3058a313fd1d1f7c4eede5a8660108c52d9c",
                "sha256:2a18090371d138a57714ee9bffd6c9c9cb2e02ce42c681aac093ae1e7189ed21",
                "sha256:2e8fabe2cc57a369638ab1ad8e6043721014fdf9a13baa7c0e35995d3a4a7618",
                "sha256:3161a8f8bb38077a6470508c1a7301cd54301c53b8a34bb83e3c9764874ecabd",
                "sha256:31890b24d47b62cc27da49a462efe3d02f3c120edb0e6c46dcc0025506acf004",
                "sha256:3550493ac1d23198d46dc9c9b24b411cef613798dc31160c7138568ec26bc9b4",
                "sha256:3b09c3d9de95461214a11d82cc0e6a46a6f4e1f91834b50782f932895215e5db",
                "sha256:3d2004e85cf5213995d09408501f82c8534700d2babeb81dfdba2a3bff0bb396",
                "sha256:46b8b43ba6a2a8f3103f103f97996cad507bcfd72359af6516363c48793d5a7b",
                "sha256:579dd9fb11bc73f0de061cab5f8b2def21480fd99eb3743ed041ad6a1913ee2f",
                "sha256:597191370951b477b7a1441e1aaa5cacebeb46a3b0bd240ec3bb2f28298c7553",
                "sha256:59c68df3a934a586c3473d15956d23a618b8f05b5e7a3a904d40300e9c69cbf0",
                "sha256:5a56797dea8c02e7d3a85dfea879f286175cf4d14fbd9ab3ef2477277b927baa",
                "sha256:650a8150a9b288f40d5b7c1d5400cc11724eae50bd1f501a66e1ea949173649b",
                "sha256:6d5541eb460d73a07418524fb64dcfe0adfbcd32e2dac0f8f90ce5b9dd6c046c",
                "sha256:6ec5ed15b4ffe56e2c6bc76af45e6b591c9be0224b3fb090adfb205c9012367d",
                "sha256:73f84f9e5985a532e47880b3924867de16fa1aa513fff9b26106220c253c70c5",
                "sha256:753cb58683ba0c545306f4e17dabf468d29cb6f6b11832e1e432160bb3f8403c",
                "sha256:7c1f5b2298244472bcda49b599be04579f26425af0fd80d3f2eb5fd8bc84d106",
                "sha256:7e013428ab472892830287dd082b7d129f4d8afef49227a28223a77337555eaa",
                "sha256:7f17572dc9acd5e6dfd3014d10c0b533e9f79cd9517fc10b0225746f4c24b58e",
                "sha256:85fda90b81da25993aa47fae66cae747b921f8f6777550895fb62375b776a231",
                "sha256:874c741c8a66f0834f653a69e7e64b4e67fcd4a8d40296919b93bab2ccc780ba",
                "sha256:8d598b5d5e2c9115d7fb7e2cb5508d14286af506a75950762aa1372d60e41851",
                "sha256:8de0399b983f8676a7ccfdd45e5b2caec74a7e3cc576c6b1eecf3b3680deda5e",
                "sha256:a053584079b793a54bece4a7d1d1b5c0645bdbee729215cd433703dc2532f72b",
                "sha256:a54362f03d4dcfae63be455d0a7d4c1403673498b92c6bfe22157d935b57c7a9",
                "sha256:aca4f15427d2df592e0c8f3d38847e25135e4092d7f70f02452c0e90d6a02d6d",
                "sha256:b2cbdfba18408389a1371f8c2af1659119e1831e5ed24c240cae9e27b4abc38d",
                "sha256:b52e1ec7185512103dd47d41cf34ea78e7a7361ba460187ddd2416b480e0938c",
                "sha256:c46fb6bfca17bfc49f011eb53416e61472fa96caa0979b4329176bdd38cbbf2a",
                "sha256:c56c91bd2923ddb6e7ed28ebb66d15633b03e0df22206f22dfcdde08047e0a48",
                "sha256:cf4c8daed18ae2be2f1fc7d613a76ee2a2e28fdf2412d5c128be23144d28283d",
                "sha256:d7b7bf346391dffa182fba42506adf3a84f4a718a05e445b37824136047686a1",
                "sha256:d9171f025a196f5bcfec7e8e7ffb7c3535f7d60aecd3503f9e250296c7cfc150"
            ],
            "markers": "python_version >= '3.8'",
            "version": "==1.64.0"
        },
        "idna": {
            "hashes": [
                "sha256:028ff3aadf0609c1fd278d8ea3089299412a7a8b9bd005dd08b9f8285bcb5cfc",
                "sha256:82fee1fc78add43492d3a1898bfa6d8a904cc97d8427f683ed8e798d07761aa0"
            ],
            "markers": "python_version >= '3.5'",
            "version": "==3.7"
        },
        "jsonschema": {
            "hashes": [
                "sha256:5b22d434a45935119af990552c862e5d6d564e8f6601206b305a61fdf661a2b7",
                "sha256:ff4cfd6b1367a40e7bc6411caec72effadd3db0bbe5017de188f2d6108335802"
            ],
            "markers": "python_version >= '3.8'",
            "version": "==4.22.0"
        },
        "jsonschema-specifications": {
            "hashes": [
                "sha256:48a76787b3e70f5ed53f1160d2b81f586e4ca6d1548c5de7085d1682674764cc",
                "sha256:87e4fdf3a94858b8a2ba2778d9ba57d8a9cafca7c7489c46ba0d30a8bc6a9c3c"
            ],
            "markers": "python_version >= '3.8'",
            "version": "==2023.12.1"
        },
        "protobuf": {
            "hashes": [
                "sha256:19b270aeaa0099f16d3ca02628546b8baefe2955bbe23224aaf856134eccf1e4",
                "sha256:209ba4cc916bab46f64e56b85b090607a676f66b473e6b762e6f1d9d591eb2e8",
                "sha256:25b5d0b42fd000320bd7830b349e3b696435f3b329810427a6bcce6a5492cc5c",
                "sha256:7c8daa26095f82482307bc717364e7c13f4f1c99659be82890dcfc215194554d",
                "sha256:c053062984e61144385022e53678fbded7aea14ebb3e0305ae3592fb219ccfa4",
                "sha256:d4198877797a83cbfe9bffa3803602bbe1625dc30d8a097365dbc762e5790faa",
                "sha256:e3c97a1555fd6388f857770ff8b9703083de6bf1f9274a002a332d65fbb56c8c",
                "sha256:e7cb0ae90dd83727f0c0718634ed56837bfeeee29a5f82a7514c03ee1364c019",
                "sha256:f0700d54bcf45424477e46a9f0944155b46fb0639d69728739c0e47bab83f2b9",
                "sha256:f1279ab38ecbfae7e456a108c5c0681e4956d5b1090027c1de0f934dfdb4b35c",
                "sha256:f4f118245c4a087776e0a8408be33cf09f6c547442c00395fbfb116fac2f8ac2"
            ],
            "markers": "python_version >= '3.8'",
            "version": "==4.25.3"
        },
        "pycryptodome": {
            "hashes": [
                "sha256:06d6de87c19f967f03b4cf9b34e538ef46e99a337e9a61a77dbe44b2cbcf0690",
                "sha256:09609209ed7de61c2b560cc5c8c4fbf892f8b15b1faf7e4cbffac97db1fffda7",
                "sha256:210ba1b647837bfc42dd5a813cdecb5b86193ae11a3f5d972b9a0ae2c7e9e4b4",
                "sha256:2a1250b7ea809f752b68e3e6f3fd946b5939a52eaeea18c73bdab53e9ba3c2dd",
                "sha256:2ab6ab0cb755154ad14e507d1df72de9897e99fd2d4922851a276ccc14f4f1a5",
                "sha256:3427d9e5310af6680678f4cce149f54e0bb4af60101c7f2c16fdf878b39ccccc",
                "sha256:3cd3ef3aee1079ae44afaeee13393cf68b1058f70576b11439483e34f93cf818",
                "sha256:405002eafad114a2f9a930f5db65feef7b53c4784495dd8758069b89baf68eab",
                "sha256:417a276aaa9cb3be91f9014e9d18d10e840a7a9b9a9be64a42f553c5b50b4d1d",
                "sha256:4401564ebf37dfde45d096974c7a159b52eeabd9969135f0426907db367a652a",
                "sha256:49a4c4dc60b78ec41d2afa392491d788c2e06edf48580fbfb0dd0f828af49d25",
                "sha256:5601c934c498cd267640b57569e73793cb9a83506f7c73a8ec57a516f5b0b091",
                "sha256:6e0e4a987d38cfc2e71b4a1b591bae4891eeabe5fa0f56154f576e26287bfdea",
                "sha256:76658f0d942051d12a9bd08ca1b6b34fd762a8ee4240984f7c06ddfb55eaf15a",
                "sha256:76cb39afede7055127e35a444c1c041d2e8d2f1f9c121ecef573757ba4cd2c3c",
                "sha256:8d6b98d0d83d21fb757a182d52940d028564efe8147baa9ce0f38d057104ae72",
                "sha256:9b3ae153c89a480a0ec402e23db8d8d84a3833b65fa4b15b81b83be9d637aab9",
                "sha256:a60fedd2b37b4cb11ccb5d0399efe26db9e0dd149016c1cc6c8161974ceac2d6",
                "sha256:ac1c7c0624a862f2e53438a15c9259d1655325fc2ec4392e66dc46cdae24d044",
                "sha256:acae12b9ede49f38eb0ef76fdec2df2e94aad85ae46ec85be3648a57f0a7db04",
                "sha256:acc2614e2e5346a4a4eab6e199203034924313626f9620b7b4b38e9ad74b7e0c",
                "sha256:acf6e43fa75aca2d33e93409f2dafe386fe051818ee79ee8a3e21de9caa2ac9e",
                "sha256:baee115a9ba6c5d2709a1e88ffe62b73ecc044852a925dcb67713a288c4ec70f",
                "sha256:c18b381553638414b38705f07d1ef0a7cf301bc78a5f9bc17a957eb19446834b",
                "sha256:d29daa681517f4bc318cd8a23af87e1f2a7bad2fe361e8aa29c77d652a065de4",
                "sha256:d5954acfe9e00bc83ed9f5cb082ed22c592fbbef86dc48b907238be64ead5c33",
                "sha256:ec0bb1188c1d13426039af8ffcb4dbe3aad1d7680c35a62d8eaf2a529b5d3d4f",
                "sha256:ec1f93feb3bb93380ab0ebf8b859e8e5678c0f010d2d78367cf6bc30bfeb148e",
                "sha256:f0e6d631bae3f231d3634f91ae4da7a960f7ff87f2865b2d2b831af1dfb04e9a",
                "sha256:f35d6cee81fa145333137009d9c8ba90951d7d77b67c79cbe5f03c7eb74d8fe2",
                "sha256:f47888542a0633baff535a04726948e876bf1ed880fddb7c10a736fa99146ab3",
                "sha256:fb3b87461fa35afa19c971b0a2b7456a7b1db7b4eba9a8424666104925b78128"
            ],
            "markers": "python_version >= '2.7' and python_version not in '3.0, 3.1, 3.2, 3.3, 3.4'",
            "version": "==3.20.0"
        },
        "python-dateutil": {
            "hashes": [
                "sha256:37dd54208da7e1cd875388217d5e00ebd4179249f90fb72437e91a35459a0ad3",
                "sha256:a8b2bc7bffae282281c8140a97d3aa9c14da0b136dfe83f850eea9a5f7470427"
            ],
            "markers": "python_version >= '2.7' and python_version not in '3.0, 3.1, 3.2, 3.3'",
            "version": "==2.9.0.post0"
        },
        "referencing": {
            "hashes": [
                "sha256:25b42124a6c8b632a425174f24087783efb348a6f1e0008e63cd4466fedf703c",
                "sha256:eda6d3234d62814d1c64e305c1331c9a3a6132da475ab6382eaa997b21ee75de"
            ],
            "markers": "python_version >= '3.8'",
            "version": "==0.35.1"
        },
        "requests": {
            "hashes": [
                "sha256:55365417734eb18255590a9ff9eb97e9e1da868d4ccd6402399eaf68af20a760",
                "sha256:70761cfe03c773ceb22aa2f671b4757976145175cdfca038c02654d061d6dcc6"
            ],
            "markers": "python_version >= '3.8'",
            "version": "==2.32.3"
        },
        "rpds-py": {
            "hashes": [
                "sha256:05f3d615099bd9b13ecf2fc9cf2d839ad3f20239c678f461c753e93755d629ee",
                "sha256:06d218939e1bf2ca50e6b0ec700ffe755e5216a8230ab3e87c059ebb4ea06afc",
                "sha256:07f2139741e5deb2c5154a7b9629bc5aa48c766b643c1a6750d16f865a82c5fc",
                "sha256:08d74b184f9ab6289b87b19fe6a6d1a97fbfea84b8a3e745e87a5de3029bf944",
                "sha256:0abeee75434e2ee2d142d650d1e54ac1f8b01e6e6abdde8ffd6eeac6e9c38e20",
                "sha256:154bf5c93d79558b44e5b50cc354aa0459e518e83677791e6adb0b039b7aa6a7",
                "sha256:17c6d2155e2423f7e79e3bb18151c686d40db42d8645e7977442170c360194d4",
                "sha256:1805d5901779662d599d0e2e4159d8a82c0b05faa86ef9222bf974572286b2b6",
                "sha256:19ba472b9606c36716062c023afa2484d1e4220548751bda14f725a7de17b4f6",
                "sha256:19e515b78c3fc1039dd7da0a33c28c3154458f947f4dc198d3c72db2b6b5dc93",
                "sha256:1d54f74f40b1f7aaa595a02ff42ef38ca654b1469bef7d52867da474243cc633",
                "sha256:207c82978115baa1fd8d706d720b4a4d2b0913df1c78c85ba73fe6c5804505f0",
                "sha256:2625f03b105328729f9450c8badda34d5243231eef6535f80064d57035738360",
                "sha256:27bba383e8c5231cd559affe169ca0b96ec78d39909ffd817f28b166d7ddd4d8",
                "sha256:2c3caec4ec5cd1d18e5dd6ae5194d24ed12785212a90b37f5f7f06b8bedd7139",
                "sha256:2cc7c1a47f3a63282ab0f422d90ddac4aa3034e39fc66a559ab93041e6505da7",
                "sha256:2fc24a329a717f9e2448f8cd1f960f9dac4e45b6224d60734edeb67499bab03a",
                "sha256:312fe69b4fe1ffbe76520a7676b1e5ac06ddf7826d764cc10265c3b53f96dbe9",
                "sha256:32b7daaa3e9389db3695964ce8e566e3413b0c43e3394c05e4b243a4cd7bef26",
                "sha256:338dee44b0cef8b70fd2ef54b4e09bb1b97fc6c3a58fea5db6cc083fd9fc2724",
                "sha256:352a88dc7892f1da66b6027af06a2e7e5d53fe05924cc2cfc56495b586a10b72",
                "sha256:35b2b771b13eee8729a5049c976197ff58a27a3829c018a04341bcf1ae409b2b",
                "sha256:38e14fb4e370885c4ecd734f093a2225ee52dc384b86fa55fe3f74638b2cfb09",
                "sha256:3c20f05e8e3d4fc76875fc9cb8cf24b90a63f5a1b4c5b9273f0e8225e169b100",
                "sha256:3dd3cd86e1db5aadd334e011eba4e29d37a104b403e8ca24dcd6703c68ca55b3",
                "sha256:489bdfe1abd0406eba6b3bb4fdc87c7fa40f1031de073d0cfb744634cc8fa261",
                "sha256:48c2faaa8adfacefcbfdb5f2e2e7bdad081e5ace8d182e5f4ade971f128e6bb3",
                "sha256:4a98a1f0552b5f227a3d6422dbd61bc6f30db170939bd87ed14f3c339aa6c7c9",
                "sha256:4adec039b8e2928983f885c53b7cc4cda8965b62b6596501a0308d2703f8af1b",
                "sha256:4e0ee01ad8260184db21468a6e1c37afa0529acc12c3a697ee498d3c2c4dcaf3",
                "sha256:51584acc5916212e1bf45edd17f3a6b05fe0cbb40482d25e619f824dccb679de",
                "sha256:531796fb842b53f2695e94dc338929e9f9dbf473b64710c28af5a160b2a8927d",
                "sha256:5463c47c08630007dc0fe99fb480ea4f34a89712410592380425a9b4e1611d8e",
                "sha256:5c45a639e93a0c5d4b788b2613bd637468edd62f8f95ebc6fcc303d58ab3f0a8",
                "sha256:6031b25fb1b06327b43d841f33842b383beba399884f8228a6bb3df3088485ff",
                "sha256:607345bd5912aacc0c5a63d45a1f73fef29e697884f7e861094e443187c02be5",
                "sha256:618916f5535784960f3ecf8111581f4ad31d347c3de66d02e728de460a46303c",
                "sha256:636a15acc588f70fda1661234761f9ed9ad79ebed3f2125d44be0862708b666e",
                "sha256:673fdbbf668dd958eff750e500495ef3f611e2ecc209464f661bc82e9838991e",
                "sha256:6afd80f6c79893cfc0574956f78a0add8c76e3696f2d6a15bca2c66c415cf2d4",
                "sha256:6b5ff7e1d63a8281654b5e2896d7f08799378e594f09cf3674e832ecaf396ce8",
                "sha256:6c4c4c3f878df21faf5fac86eda32671c27889e13570645a9eea0a1abdd50922",
                "sha256:6cd8098517c64a85e790657e7b1e509b9fe07487fd358e19431cb120f7d96338",
                "sha256:6d1e42d2735d437e7e80bab4d78eb2e459af48c0a46e686ea35f690b93db792d",
                "sha256:6e30ac5e329098903262dc5bdd7e2086e0256aa762cc8b744f9e7bf2a427d3f8",
                "sha256:70a838f7754483bcdc830444952fd89645569e7452e3226de4a613a4c1793fb2",
                "sha256:720edcb916df872d80f80a1cc5ea9058300b97721efda8651efcd938a9c70a72",
                "sha256:732672fbc449bab754e0b15356c077cc31566df874964d4801ab14f71951ea80",
                "sha256:740884bc62a5e2bbb31e584f5d23b32320fd75d79f916f15a788d527a5e83644",
                "sha256:7700936ef9d006b7ef605dc53aa364da2de5a3aa65516a1f3ce73bf82ecfc7ae",
                "sha256:7732770412bab81c5a9f6d20aeb60ae943a9b36dcd990d876a773526468e7163",
                "sha256:7750569d9526199c5b97e5a9f8d96a13300950d910cf04a861d96f4273d5b104",
                "sha256:7f1944ce16401aad1e3f7d312247b3d5de7981f634dc9dfe90da72b87d37887d",
                "sha256:81c5196a790032e0fc2464c0b4ab95f8610f96f1f2fa3d4deacce6a79852da60",
                "sha256:8352f48d511de5f973e4f2f9412736d7dea76c69faa6d36bcf885b50c758ab9a",
                "sha256:8927638a4d4137a289e41d0fd631551e89fa346d6dbcfc31ad627557d03ceb6d",
                "sha256:8c7672e9fba7425f79019db9945b16e308ed8bc89348c23d955c8c0540da0a07",
                "sha256:8d2e182c9ee01135e11e9676e9a62dfad791a7a467738f06726872374a83db49",
                "sha256:910e71711d1055b2768181efa0a17537b2622afeb0424116619817007f8a2b10",
                "sha256:942695a206a58d2575033ff1e42b12b2aece98d6003c6bc739fbf33d1773b12f",
                "sha256:9437ca26784120a279f3137ee080b0e717012c42921eb07861b412340f85bae2",
                "sha256:967342e045564cef76dfcf1edb700b1e20838d83b1aa02ab313e6a497cf923b8",
                "sha256:998125738de0158f088aef3cb264a34251908dd2e5d9966774fdab7402edfab7",
                "sha256:9e6934d70dc50f9f8ea47081ceafdec09245fd9f6032669c3b45705dea096b88",
                "sha256:a3d456ff2a6a4d2adcdf3c1c960a36f4fd2fec6e3b4902a42a384d17cf4e7a65",
                "sha256:a7b28c5b066bca9a4eb4e2f2663012debe680f097979d880657f00e1c30875a0",
                "sha256:a888e8bdb45916234b99da2d859566f1e8a1d2275a801bb8e4a9644e3c7e7909",
                "sha256:aa3679e751408d75a0b4d8d26d6647b6d9326f5e35c00a7ccd82b78ef64f65f8",
                "sha256:aaa71ee43a703c321906813bb252f69524f02aa05bf4eec85f0c41d5d62d0f4c",
                "sha256:b646bf655b135ccf4522ed43d6902af37d3f5dbcf0da66c769a2b3938b9d8184",
                "sha256:b906b5f58892813e5ba5c6056d6a5ad08f358ba49f046d910ad992196ea61397",
                "sha256:b9bb1f182a97880f6078283b3505a707057c42bf55d8fca604f70dedfdc0772a",
                "sha256:bd1105b50ede37461c1d51b9698c4f4be6e13e69a908ab7751e3807985fc0346",
                "sha256:bf18932d0003c8c4d51a39f244231986ab23ee057d235a12b2684ea26a353590",
                "sha256:c273e795e7a0f1fddd46e1e3cb8be15634c29ae8ff31c196debb620e1edb9333",
                "sha256:c69882964516dc143083d3795cb508e806b09fc3800fd0d4cddc1df6c36e76bb",
                "sha256:c827576e2fa017a081346dce87d532a5310241648eb3700af9a571a6e9fc7e74",
                "sha256:cbfbea39ba64f5e53ae2915de36f130588bba71245b418060ec3330ebf85678e",
                "sha256:ce0bb20e3a11bd04461324a6a798af34d503f8d6f1aa3d2aa8901ceaf039176d",
                "sha256:d0cee71bc618cd93716f3c1bf56653740d2d13ddbd47673efa8bf41435a60daa",
                "sha256:d21be4770ff4e08698e1e8e0bce06edb6ea0626e7c8f560bc08222880aca6a6f",
                "sha256:d31dea506d718693b6b2cffc0648a8929bdc51c70a311b2770f09611caa10d53",
                "sha256:d44607f98caa2961bab4fa3c4309724b185b464cdc3ba6f3d7340bac3ec97cc1",
                "sha256:d58ad6317d188c43750cb76e9deacf6051d0f884d87dc6518e0280438648a9ac",
                "sha256:d70129cef4a8d979caa37e7fe957202e7eee8ea02c5e16455bc9808a59c6b2f0",
                "sha256:d85164315bd68c0806768dc6bb0429c6f95c354f87485ee3593c4f6b14def2bd",
                "sha256:d960de62227635d2e61068f42a6cb6aae91a7fe00fca0e3aeed17667c8a34611",
                "sha256:dc48b479d540770c811fbd1eb9ba2bb66951863e448efec2e2c102625328e92f",
                "sha256:e1735502458621921cee039c47318cb90b51d532c2766593be6207eec53e5c4c",
                "sha256:e2be6e9dd4111d5b31ba3b74d17da54a8319d8168890fbaea4b9e5c3de630ae5",
                "sha256:e4c39ad2f512b4041343ea3c7894339e4ca7839ac38ca83d68a832fc8b3748ab",
                "sha256:ed402d6153c5d519a0faf1bb69898e97fb31613b49da27a84a13935ea9164dfc",
                "sha256:ee17cd26b97d537af8f33635ef38be873073d516fd425e80559f4585a7b90c43",
                "sha256:f3027be483868c99b4985fda802a57a67fdf30c5d9a50338d9db646d590198da",
                "sha256:f5bab211605d91db0e2995a17b5c6ee5edec1270e46223e513eaa20da20076ac",
                "sha256:f6f8e3fecca256fefc91bb6765a693d96692459d7d4c644660a9fff32e517843",
                "sha256:f7afbfee1157e0f9376c00bb232e80a60e59ed716e3211a80cb8506550671e6e",
                "sha256:fa242ac1ff583e4ec7771141606aafc92b361cd90a05c30d93e343a0c2d82a89",
                "sha256:fab6ce90574645a0d6c58890e9bcaac8d94dff54fb51c69e5522a7358b80ab64"
            ],
            "markers": "python_version >= '3.8'",
            "version": "==0.18.1"
        },
        "six": {
            "hashes": [
                "sha256:1e61c37477a1626458e36f7b1d82aa5c9b094fa4802892072e49de9c60c4c926",
                "sha256:8abb2f1d86890a2dfb989f9a77cfcfd3e47c2a354b01111771326f8aa26e0254"
            ],
            "markers": "python_version >= '2.7' and python_version not in '3.0, 3.1, 3.2, 3.3'",
            "version": "==1.16.0"
        },
        "urllib3": {
            "hashes": [
                "sha256:450b20ec296a467077128bff42b73080516e71b56ff59a60a02bef2232c4fa9d",
                "sha256:d0570876c61ab9e520d776c38acbbb5b05a776d3f9ff98a5c8fd5162a444cf19"
            ],
            "markers": "python_version >= '3.8'",
            "version": "==2.2.1"
        }
    },
    "develop": {}
}
