# This file is automatically @generated by Poetry 1.5.1 and should not be changed by hand.

[[package]]
name = "bech32"
version = "1.2.0"
description = "Reference implementation for Bech32 and segwit addresses."
optional = false
python-versions = ">=3.5"
files = [
    {file = "bech32-1.2.0-py3-none-any.whl", hash = "sha256:990dc8e5a5e4feabbdf55207b5315fdd9b73db40be294a19b3752cde9e79d981"},
    {file = "bech32-1.2.0.tar.gz", hash = "sha256:7d6db8214603bd7871fcfa6c0826ef68b85b0abd90fa21c285a9c5e21d2bd899"},
]

[metadata]
lock-version = "2.0"
python-versions = "^3.10"
content-hash = "9c9dd6acbe363ea7912697663add920d97f6b326f2781a6973d71ad6476bf956"
